# This file is automatically @generated by Cargo.
# It is not intended for manual editing.
version = 3

[[package]]
name = "anyhow"
version = "1.0.69"
source = "registry+https://github.com/rust-lang/crates.io-index"
checksum = "224afbd727c3d6e4b90103ece64b8d1b67fbb1973b1046c2281eed3f3803f800"

[[package]]
name = "once_cell"
version = "1.17.0"
source = "registry+https://github.com/rust-lang/crates.io-index"
checksum = "6f61fba1741ea2b3d6a1e3178721804bb716a68a6aeba1149b5d52e3d464ea66"

[[package]]
name = "plrustc"
version = "0.1.0"
dependencies = [
 "once_cell",
 "rustc_tools_util",
]

[[package]]
name = "rustc_tools_util"
version = "0.3.0"
source = "registry+https://github.com/rust-lang/crates.io-index"
checksum = "8ba09476327c4b70ccefb6180f046ef588c26a24cf5d269a9feba316eb4f029f"

[[package]]
name = "xtask"
version = "0.1.0"
dependencies = [
 "anyhow",
]
